// !$*UTF8*$!
{
	archiveVersion = 1;
	classes = {
	};
	objectVersion = 50;
	objects = {

/* Begin PBXBuildFile section */
		1CF7743F279D4FC9009B1A80 /* AppDelegate.swift in Sources */ = {isa = PBXBuildFile; fileRef = 1CF7743E279D4FC9009B1A80 /* AppDelegate.swift */; };
		1CF77441279D4FC9009B1A80 /* SceneDelegate.swift in Sources */ = {isa = PBXBuildFile; fileRef = 1CF77440279D4FC9009B1A80 /* SceneDelegate.swift */; };
		1CF77443279D4FC9009B1A80 /* ViewController.swift in Sources */ = {isa = PBXBuildFile; fileRef = 1CF77442279D4FC9009B1A80 /* ViewController.swift */; };
		1CF77446279D4FC9009B1A80 /* Main.storyboard in Resources */ = {isa = PBXBuildFile; fileRef = 1CF77444279D4FC9009B1A80 /* Main.storyboard */; };
		1CF77448279D4FCD009B1A80 /* Assets.xcassets in Resources */ = {isa = PBXBuildFile; fileRef = 1CF77447279D4FCD009B1A80 /* Assets.xcassets */; };
		1CF7744B279D4FCD009B1A80 /* LaunchScreen.storyboard in Resources */ = {isa = PBXBuildFile; fileRef = 1CF77449279D4FCD009B1A80 /* LaunchScreen.storyboard */; };
		1CF77456279D4FCD009B1A80 /* cred_aiTests.swift in Sources */ = {isa = PBXBuildFile; fileRef = 1CF77455279D4FCD009B1A80 /* cred_aiTests.swift */; };
		1CF77461279D4FCD009B1A80 /* cred_aiUITests.swift in Sources */ = {isa = PBXBuildFile; fileRef = 1CF77460279D4FCD009B1A80 /* cred_aiUITests.swift */; };
/* End PBXBuildFile section */

/* Begin PBXContainerItemProxy section */
		1CF77452279D4FCD009B1A80 /* PBXContainerItemProxy */ = {
			isa = PBXContainerItemProxy;
			containerPortal = 1CF77433279D4FC9009B1A80 /* Project object */;
			proxyType = 1;
			remoteGlobalIDString = 1CF7743A279D4FC9009B1A80;
			remoteInfo = "cred-ai";
		};
		1CF7745D279D4FCD009B1A80 /* PBXContainerItemProxy */ = {
			isa = PBXContainerItemProxy;
			containerPortal = 1CF77433279D4FC9009B1A80 /* Project object */;
			proxyType = 1;
			remoteGlobalIDString = 1CF7743A279D4FC9009B1A80;
			remoteInfo = "cred-ai";
		};
/* End PBXContainerItemProxy section */

/* Begin PBXFileReference section */
		1CF7743B279D4FC9009B1A80 /* cred-ai.app */ = {isa = PBXFileReference; explicitFileType = wrapper.application; includeInIndex = 0; path = "cred-ai.app"; sourceTree = BUILT_PRODUCTS_DIR; };
		1CF7743E279D4FC9009B1A80 /* AppDelegate.swift */ = {isa = PBXFileReference; lastKnownFileType = sourcecode.swift; path = AppDelegate.swift; sourceTree = "<group>"; };
		1CF77440279D4FC9009B1A80 /* SceneDelegate.swift */ = {isa = PBXFileReference; lastKnownFileType = sourcecode.swift; path = SceneDelegate.swift; sourceTree = "<group>"; };
		1CF77442279D4FC9009B1A80 /* ViewController.swift */ = {isa = PBXFileReference; lastKnownFileType = sourcecode.swift; path = ViewController.swift; sourceTree = "<group>"; };
		1CF77445279D4FC9009B1A80 /* Base */ = {isa = PBXFileReference; lastKnownFileType = file.storyboard; name = Base; path = Base.lproj/Main.storyboard; sourceTree = "<group>"; };
		1CF77447279D4FCD009B1A80 /* Assets.xcassets */ = {isa = PBXFileReference; lastKnownFileType = folder.assetcatalog; path = Assets.xcassets; sourceTree = "<group>"; };
		1CF7744A279D4FCD009B1A80 /* Base */ = {isa = PBXFileReference; lastKnownFileType = file.storyboard; name = Base; path = Base.lproj/LaunchScreen.storyboard; sourceTree = "<group>"; };
		1CF7744C279D4FCD009B1A80 /* Info.plist */ = {isa = PBXFileReference; lastKnownFileType = text.plist.xml; path = Info.plist; sourceTree = "<group>"; };
		1CF77451279D4FCD009B1A80 /* cred-aiTests.xctest */ = {isa = PBXFileReference; explicitFileType = wrapper.cfbundle; includeInIndex = 0; path = "cred-aiTests.xctest"; sourceTree = BUILT_PRODUCTS_DIR; };
		1CF77455279D4FCD009B1A80 /* cred_aiTests.swift */ = {isa = PBXFileReference; lastKnownFileType = sourcecode.swift; path = cred_aiTests.swift; sourceTree = "<group>"; };
		1CF77457279D4FCD009B1A80 /* Info.plist */ = {isa = PBXFileReference; lastKnownFileType = text.plist.xml; path = Info.plist; sourceTree = "<group>"; };
		1CF7745C279D4FCD009B1A80 /* cred-aiUITests.xctest */ = {isa = PBXFileReference; explicitFileType = wrapper.cfbundle; includeInIndex = 0; path = "cred-aiUITests.xctest"; sourceTree = BUILT_PRODUCTS_DIR; };
		1CF77460279D4FCD009B1A80 /* cred_aiUITests.swift */ = {isa = PBXFileReference; lastKnownFileType = sourcecode.swift; path = cred_aiUITests.swift; sourceTree = "<group>"; };
		1CF77462279D4FCD009B1A80 /* Info.plist */ = {isa = PBXFileReference; lastKnownFileType = text.plist.xml; path = Info.plist; sourceTree = "<group>"; };
/* End PBXFileReference section */

/* Begin PBXFrameworksBuildPhase section */
		1CF77438279D4FC9009B1A80 /* Frameworks */ = {
			isa = PBXFrameworksBuildPhase;
			buildActionMask = 2147483647;
			files = (
			);
			runOnlyForDeploymentPostprocessing = 0;
		};
		1CF7744E279D4FCD009B1A80 /* Frameworks */ = {
			isa = PBXFrameworksBuildPhase;
			buildActionMask = 2147483647;
			files = (
			);
			runOnlyForDeploymentPostprocessing = 0;
		};
		1CF77459279D4FCD009B1A80 /* Frameworks */ = {
			isa = PBXFrameworksBuildPhase;
			buildActionMask = 2147483647;
			files = (
			);
			runOnlyForDeploymentPostprocessing = 0;
		};
/* End PBXFrameworksBuildPhase section */

/* Begin PBXGroup section */
		1CF77432279D4FC9009B1A80 = {
			isa = PBXGroup;
			children = (
				1CF7743D279D4FC9009B1A80 /* cred-ai */,
				1CF77454279D4FCD009B1A80 /* cred-aiTests */,
				1CF7745F279D4FCD009B1A80 /* cred-aiUITests */,
				1CF7743C279D4FC9009B1A80 /* Products */,
			);
			sourceTree = "<group>";
		};
		1CF7743C279D4FC9009B1A80 /* Products */ = {
			isa = PBXGroup;
			children = (
				1CF7743B279D4FC9009B1A80 /* cred-ai.app */,
				1CF77451279D4FCD009B1A80 /* cred-aiTests.xctest */,
				1CF7745C279D4FCD009B1A80 /* cred-aiUITests.xctest */,
			);
			name = Products;
			sourceTree = "<group>";
		};
		1CF7743D279D4FC9009B1A80 /* cred-ai */ = {
			isa = PBXGroup;
			children = (
				1CF7743E279D4FC9009B1A80 /* AppDelegate.swift */,
				1CF77440279D4FC9009B1A80 /* SceneDelegate.swift */,
				1CF77442279D4FC9009B1A80 /* ViewController.swift */,
				1CF77444279D4FC9009B1A80 /* Main.storyboard */,
				1CF77447279D4FCD009B1A80 /* Assets.xcassets */,
				1CF77449279D4FCD009B1A80 /* LaunchScreen.storyboard */,
				1CF7744C279D4FCD009B1A80 /* Info.plist */,
			);
			path = "cred-ai";
			sourceTree = "<group>";
		};
		1CF77454279D4FCD009B1A80 /* cred-aiTests */ = {
			isa = PBXGroup;
			children = (
				1CF77455279D4FCD009B1A80 /* cred_aiTests.swift */,
				1CF77457279D4FCD009B1A80 /* Info.plist */,
			);
			path = "cred-aiTests";
			sourceTree = "<group>";
		};
		1CF7745F279D4FCD009B1A80 /* cred-aiUITests */ = {
			isa = PBXGroup;
			children = (
				1CF77460279D4FCD009B1A80 /* cred_aiUITests.swift */,
				1CF77462279D4FCD009B1A80 /* Info.plist */,
			);
			path = "cred-aiUITests";
			sourceTree = "<group>";
		};
/* End PBXGroup section */

/* Begin PBXNativeTarget section */
		1CF7743A279D4FC9009B1A80 /* cred-ai */ = {
			isa = PBXNativeTarget;
			buildConfigurationList = 1CF77465279D4FCD009B1A80 /* Build configuration list for PBXNativeTarget "cred-ai" */;
			buildPhases = (
				1CF77437279D4FC9009B1A80 /* Sources */,
				1CF77438279D4FC9009B1A80 /* Frameworks */,
				1CF77439279D4FC9009B1A80 /* Resources */,
			);
			buildRules = (
			);
			dependencies = (
			);
			name = "cred-ai";
			productName = "cred-ai";
			productReference = 1CF7743B279D4FC9009B1A80 /* cred-ai.app */;
			productType = "com.apple.product-type.application";
		};
		1CF77450279D4FCD009B1A80 /* cred-aiTests */ = {
			isa = PBXNativeTarget;
			buildConfigurationList = 1CF77468279D4FCD009B1A80 /* Build configuration list for PBXNativeTarget "cred-aiTests" */;
			buildPhases = (
				1CF7744D279D4FCD009B1A80 /* Sources */,
				1CF7744E279D4FCD009B1A80 /* Frameworks */,
				1CF7744F279D4FCD009B1A80 /* Resources */,
			);
			buildRules = (
			);
			dependencies = (
				1CF77453279D4FCD009B1A80 /* PBXTargetDependency */,
			);
			name = "cred-aiTests";
			productName = "cred-aiTests";
			productReference = 1CF77451279D4FCD009B1A80 /* cred-aiTests.xctest */;
			productType = "com.apple.product-type.bundle.unit-test";
		};
		1CF7745B279D4FCD009B1A80 /* cred-aiUITests */ = {
			isa = PBXNativeTarget;
			buildConfigurationList = 1CF7746B279D4FCD009B1A80 /* Build configuration list for PBXNativeTarget "cred-aiUITests" */;
			buildPhases = (
				1CF77458279D4FCD009B1A80 /* Sources */,
				1CF77459279D4FCD009B1A80 /* Frameworks */,
				1CF7745A279D4FCD009B1A80 /* Resources */,
			);
			buildRules = (
			);
			dependencies = (
				1CF7745E279D4FCD009B1A80 /* PBXTargetDependency */,
			);
			name = "cred-aiUITests";
			productName = "cred-aiUITests";
			productReference = 1CF7745C279D4FCD009B1A80 /* cred-aiUITests.xctest */;
			productType = "com.apple.product-type.bundle.ui-testing";
		};
/* End PBXNativeTarget section */

/* Begin PBXProject section */
		1CF77433279D4FC9009B1A80 /* Project object */ = {
			isa = PBXProject;
			attributes = {
				LastSwiftUpdateCheck = 1220;
				LastUpgradeCheck = 1220;
				TargetAttributes = {
					1CF7743A279D4FC9009B1A80 = {
						CreatedOnToolsVersion = 12.2;
					};
					1CF77450279D4FCD009B1A80 = {
						CreatedOnToolsVersion = 12.2;
						TestTargetID = 1CF7743A279D4FC9009B1A80;
					};
					1CF7745B279D4FCD009B1A80 = {
						CreatedOnToolsVersion = 12.2;
						TestTargetID = 1CF7743A279D4FC9009B1A80;
					};
				};
			};
			buildConfigurationList = 1CF77436279D4FC9009B1A80 /* Build configuration list for PBXProject "cred-ai" */;
			compatibilityVersion = "Xcode 9.3";
			developmentRegion = en;
			hasScannedForEncodings = 0;
			knownRegions = (
				en,
				Base,
			);
			mainGroup = 1CF77432279D4FC9009B1A80;
			productRefGroup = 1CF7743C279D4FC9009B1A80 /* Products */;
			projectDirPath = "";
			projectRoot = "";
			targets = (
				1CF7743A279D4FC9009B1A80 /* cred-ai */,
				1CF77450279D4FCD009B1A80 /* cred-aiTests */,
				1CF7745B279D4FCD009B1A80 /* cred-aiUITests */,
			);
		};
/* End PBXProject section */

/* Begin PBXResourcesBuildPhase section */
		1CF77439279D4FC9009B1A80 /* Resources */ = {
			isa = PBXResourcesBuildPhase;
			buildActionMask = 2147483647;
			files = (
				1CF7744B279D4FCD009B1A80 /* LaunchScreen.storyboard in Resources */,
				1CF77448279D4FCD009B1A80 /* Assets.xcassets in Resources */,
				1CF77446279D4FC9009B1A80 /* Main.storyboard in Resources */,
			);
			runOnlyForDeploymentPostprocessing = 0;
		};
		1CF7744F279D4FCD009B1A80 /* Resources */ = {
			isa = PBXResourcesBuildPhase;
			buildActionMask = 2147483647;
			files = (
			);
			runOnlyForDeploymentPostprocessing = 0;
		};
		1CF7745A279D4FCD009B1A80 /* Resources */ = {
			isa = PBXResourcesBuildPhase;
			buildActionMask = 2147483647;
			files = (
			);
			runOnlyForDeploymentPostprocessing = 0;
		};
/* End PBXResourcesBuildPhase section */

/* Begin PBXSourcesBuildPhase section */
		1CF77437279D4FC9009B1A80 /* Sources */ = {
			isa = PBXSourcesBuildPhase;
			buildActionMask = 2147483647;
			files = (
				1CF77443279D4FC9009B1A80 /* ViewController.swift in Sources */,
				1CF7743F279D4FC9009B1A80 /* AppDelegate.swift in Sources */,
				1CF77441279D4FC9009B1A80 /* SceneDelegate.swift in Sources */,
			);
			runOnlyForDeploymentPostprocessing = 0;
		};
		1CF7744D279D4FCD009B1A80 /* Sources */ = {
			isa = PBXSourcesBuildPhase;
			buildActionMask = 2147483647;
			files = (
				1CF77456279D4FCD009B1A80 /* cred_aiTests.swift in Sources */,
			);
			runOnlyForDeploymentPostprocessing = 0;
		};
		1CF77458279D4FCD009B1A80 /* Sources */ = {
			isa = PBXSourcesBuildPhase;
			buildActionMask = 2147483647;
			files = (
				1CF77461279D4FCD009B1A80 /* cred_aiUITests.swift in Sources */,
			);
			runOnlyForDeploymentPostprocessing = 0;
		};
/* End PBXSourcesBuildPhase section */

/* Begin PBXTargetDependency section */
		1CF77453279D4FCD009B1A80 /* PBXTargetDependency */ = {
			isa = PBXTargetDependency;
			target = 1CF7743A279D4FC9009B1A80 /* cred-ai */;
			targetProxy = 1CF77452279D4FCD009B1A80 /* PBXContainerItemProxy */;
		};
		1CF7745E279D4FCD009B1A80 /* PBXTargetDependency */ = {
			isa = PBXTargetDependency;
			target = 1CF7743A279D4FC9009B1A80 /* cred-ai */;
			targetProxy = 1CF7745D279D4FCD009B1A80 /* PBXContainerItemProxy */;
		};
/* End PBXTargetDependency section */

/* Begin PBXVariantGroup section */
		1CF77444279D4FC9009B1A80 /* Main.storyboard */ = {
			isa = PBXVariantGroup;
			children = (
				1CF77445279D4FC9009B1A80 /* Base */,
			);
			name = Main.storyboard;
			sourceTree = "<group>";
		};
		1CF77449279D4FCD009B1A80 /* LaunchScreen.storyboard */ = {
			isa = PBXVariantGroup;
			children = (
				1CF7744A279D4FCD009B1A80 /* Base */,
			);
			name = LaunchScreen.storyboard;
			sourceTree = "<group>";
		};
/* End PBXVariantGroup section */

/* Begin XCBuildConfiguration section */
		1CF77463279D4FCD009B1A80 /* Debug */ = {
			isa = XCBuildConfiguration;
			buildSettings = {
				ALWAYS_SEARCH_USER_PATHS = NO;
				CLANG_ANALYZER_NONNULL = YES;
				CLANG_ANALYZER_NUMBER_OBJECT_CONVERSION = YES_AGGRESSIVE;
				CLANG_CXX_LANGUAGE_STANDARD = "gnu++14";
				CLANG_CXX_LIBRARY = "libc++";
				CLANG_ENABLE_MODULES = YES;
				CLANG_ENABLE_OBJC_ARC = YES;
				CLANG_ENABLE_OBJC_WEAK = YES;
				CLANG_WARN_BLOCK_CAPTURE_AUTORELEASING = YES;
				CLANG_WARN_BOOL_CONVERSION = YES;
				CLANG_WARN_COMMA = YES;
				CLANG_WARN_CONSTANT_CONVERSION = YES;
				CLANG_WARN_DEPRECATED_OBJC_IMPLEMENTATIONS = YES;
				CLANG_WARN_DIRECT_OBJC_ISA_USAGE = YES_ERROR;
				CLANG_WARN_DOCUMENTATION_COMMENTS = YES;
				CLANG_WARN_EMPTY_BODY = YES;
				CLANG_WARN_ENUM_CONVERSION = YES;
				CLANG_WARN_INFINITE_RECURSION = YES;
				CLANG_WARN_INT_CONVERSION = YES;
				CLANG_WARN_NON_LITERAL_NULL_CONVERSION = YES;
				CLANG_WARN_OBJC_IMPLICIT_RETAIN_SELF = YES;
				CLANG_WARN_OBJC_LITERAL_CONVERSION = YES;
				CLANG_WARN_OBJC_ROOT_CLASS = YES_ERROR;
				CLANG_WARN_QUOTED_INCLUDE_IN_FRAMEWORK_HEADER = YES;
				CLANG_WARN_RANGE_LOOP_ANALYSIS = YES;
				CLANG_WARN_STRICT_PROTOTYPES = YES;
				CLANG_WARN_SUSPICIOUS_MOVE = YES;
				CLANG_WARN_UNGUARDED_AVAILABILITY = YES_AGGRESSIVE;
				CLANG_WARN_UNREACHABLE_CODE = YES;
				CLANG_WARN__DUPLICATE_METHOD_MATCH = YES;
				COPY_PHASE_STRIP = NO;
				DEBUG_INFORMATION_FORMAT = dwarf;
				ENABLE_STRICT_OBJC_MSGSEND = YES;
				ENABLE_TESTABILITY = YES;
				GCC_C_LANGUAGE_STANDARD = gnu11;
				GCC_DYNAMIC_NO_PIC = NO;
				GCC_NO_COMMON_BLOCKS = YES;
				GCC_OPTIMIZATION_LEVEL = 0;
				GCC_PREPROCESSOR_DEFINITIONS = (
					"DEBUG=1",
					"$(inherited)",
				);
				GCC_WARN_64_TO_32_BIT_CONVERSION = YES;
				GCC_WARN_ABOUT_RETURN_TYPE = YES_ERROR;
				GCC_WARN_UNDECLARED_SELECTOR = YES;
				GCC_WARN_UNINITIALIZED_AUTOS = YES_AGGRESSIVE;
				GCC_WARN_UNUSED_FUNCTION = YES;
				GCC_WARN_UNUSED_VARIABLE = YES;
				IPHONEOS_DEPLOYMENT_TARGET = 14.2;
				MTL_ENABLE_DEBUG_INFO = INCLUDE_SOURCE;
				MTL_FAST_MATH = YES;
				ONLY_ACTIVE_ARCH = YES;
				SDKROOT = iphoneos;
				SWIFT_ACTIVE_COMPILATION_CONDITIONS = DEBUG;
				SWIFT_OPTIMIZATION_LEVEL = "-Onone";
			};
			name = Debug;
		};
		1CF77464279D4FCD009B1A80 /* Release */ = {
			isa = XCBuildConfiguration;
			buildSettings = {
				ALWAYS_SEARCH_USER_PATHS = NO;
				CLANG_ANALYZER_NONNULL = YES;
				CLANG_ANALYZER_NUMBER_OBJECT_CONVERSION = YES_AGGRESSIVE;
				CLANG_CXX_LANGUAGE_STANDARD = "gnu++14";
				CLANG_CXX_LIBRARY = "libc++";
				CLANG_ENABLE_MODULES = YES;
				CLANG_ENABLE_OBJC_ARC = YES;
				CLANG_ENABLE_OBJC_WEAK = YES;
				CLANG_WARN_BLOCK_CAPTURE_AUTORELEASING = YES;
				CLANG_WARN_BOOL_CONVERSION = YES;
				CLANG_WARN_COMMA = YES;
				CLANG_WARN_CONSTANT_CONVERSION = YES;
				CLANG_WARN_DEPRECATED_OBJC_IMPLEMENTATIONS = YES;
				CLANG_WARN_DIRECT_OBJC_ISA_USAGE = YES_ERROR;
				CLANG_WARN_DOCUMENTATION_COMMENTS = YES;
				CLANG_WARN_EMPTY_BODY = YES;
				CLANG_WARN_ENUM_CONVERSION = YES;
				CLANG_WARN_INFINITE_RECURSION = YES;
				CLANG_WARN_INT_CONVERSION = YES;
				CLANG_WARN_NON_LITERAL_NULL_CONVERSION = YES;
				CLANG_WARN_OBJC_IMPLICIT_RETAIN_SELF = YES;
				CLANG_WARN_OBJC_LITERAL_CONVERSION = YES;
				CLANG_WARN_OBJC_ROOT_CLASS = YES_ERROR;
				CLANG_WARN_QUOTED_INCLUDE_IN_FRAMEWORK_HEADER = YES;
				CLANG_WARN_RANGE_LOOP_ANALYSIS = YES;
				CLANG_WARN_STRICT_PROTOTYPES = YES;
				CLANG_WARN_SUSPICIOUS_MOVE = YES;
				CLANG_WARN_UNGUARDED_AVAILABILITY = YES_AGGRESSIVE;
				CLANG_WARN_UNREACHABLE_CODE = YES;
				CLANG_WARN__DUPLICATE_METHOD_MATCH = YES;
				COPY_PHASE_STRIP = NO;
				DEBUG_INFORMATION_FORMAT = "dwarf-with-dsym";
				ENABLE_NS_ASSERTIONS = NO;
				ENABLE_STRICT_OBJC_MSGSEND = YES;
				GCC_C_LANGUAGE_STANDARD = gnu11;
				GCC_NO_COMMON_BLOCKS = YES;
				GCC_WARN_64_TO_32_BIT_CONVERSION = YES;
				GCC_WARN_ABOUT_RETURN_TYPE = YES_ERROR;
				GCC_WARN_UNDECLARED_SELECTOR = YES;
				GCC_WARN_UNINITIALIZED_AUTOS = YES_AGGRESSIVE;
				GCC_WARN_UNUSED_FUNCTION = YES;
				GCC_WARN_UNUSED_VARIABLE = YES;
				IPHONEOS_DEPLOYMENT_TARGET = 14.2;
				MTL_ENABLE_DEBUG_INFO = NO;
				MTL_FAST_MATH = YES;
				SDKROOT = iphoneos;
				SWIFT_COMPILATION_MODE = wholemodule;
				SWIFT_OPTIMIZATION_LEVEL = "-O";
				VALIDATE_PRODUCT = YES;
			};
			name = Release;
		};
		1CF77466279D4FCD009B1A80 /* Debug */ = {
			isa = XCBuildConfiguration;
			buildSettings = {
				ASSETCATALOG_COMPILER_APPICON_NAME = AppIcon;
				ASSETCATALOG_COMPILER_GLOBAL_ACCENT_COLOR_NAME = AccentColor;
				CODE_SIGN_STYLE = Automatic;
				DEVELOPMENT_TEAM = 9BXQV4D87Y;
				INFOPLIST_FILE = "cred-ai/Info.plist";
				LD_RUNPATH_SEARCH_PATHS = (
					"$(inherited)",
					"@executable_path/Frameworks",
				);
				PRODUCT_BUNDLE_IDENTIFIER = "com.leyobabu.cred-ai";
				PRODUCT_NAME = "$(TARGET_NAME)";
				SWIFT_VERSION = 5.0;
				TARGETED_DEVICE_FAMILY = "1,2";
			};
			name = Debug;
		};
		1CF77467279D4FCD009B1A80 /* Release */ = {
			isa = XCBuildConfiguration;
			buildSettings = {
				ASSETCATALOG_COMPILER_APPICON_NAME = AppIcon;
				ASSETCATALOG_COMPILER_GLOBAL_ACCENT_COLOR_NAME = AccentColor;
				CODE_SIGN_STYLE = Automatic;
				DEVELOPMENT_TEAM = 9BXQV4D87Y;
				INFOPLIST_FILE = "cred-ai/Info.plist";
				LD_RUNPATH_SEARCH_PATHS = (
					"$(inherited)",
					"@executable_path/Frameworks",
				);
				PRODUCT_BUNDLE_IDENTIFIER = "com.leyobabu.cred-ai";
				PRODUCT_NAME = "$(TARGET_NAME)";
				SWIFT_VERSION = 5.0;
				TARGETED_DEVICE_FAMILY = "1,2";
			};
			name = Release;
		};
		1CF77469279D4FCD009B1A80 /* Debug */ = {
			isa = XCBuildConfiguration;
			buildSettings = {
				ALWAYS_EMBED_SWIFT_STANDARD_LIBRARIES = YES;
				BUNDLE_LOADER = "$(TEST_HOST)";
				CODE_SIGN_STYLE = Automatic;
				DEVELOPMENT_TEAM = 9BXQV4D87Y;
				INFOPLIST_FILE = "cred-aiTests/Info.plist";
				IPHONEOS_DEPLOYMENT_TARGET = 14.2;
				LD_RUNPATH_SEARCH_PATHS = (
					"$(inherited)",
					"@executable_path/Frameworks",
					"@loader_path/Frameworks",
				);
				PRODUCT_BUNDLE_IDENTIFIER = "com.leyobabu.cred-aiTests";
				PRODUCT_NAME = "$(TARGET_NAME)";
				SWIFT_VERSION = 5.0;
				TARGETED_DEVICE_FAMILY = "1,2";
				TEST_HOST = "$(BUILT_PRODUCTS_DIR)/cred-ai.app/cred-ai";
			};
			name = Debug;
		};
		1CF7746A279D4FCD009B1A80 /* Release */ = {
			isa = XCBuildConfiguration;
			buildSettings = {
				ALWAYS_EMBED_SWIFT_STANDARD_LIBRARIES = YES;
				BUNDLE_LOADER = "$(TEST_HOST)";
				CODE_SIGN_STYLE = Automatic;
				DEVELOPMENT_TEAM = 9BXQV4D87Y;
				INFOPLIST_FILE = "cred-aiTests/Info.plist";
				IPHONEOS_DEPLOYMENT_TARGET = 14.2;
				LD_RUNPATH_SEARCH_PATHS = (
					"$(inherited)",
					"@executable_path/Frameworks",
					"@loader_path/Frameworks",
				);
				PRODUCT_BUNDLE_IDENTIFIER = "com.leyobabu.cred-aiTests";
				PRODUCT_NAME = "$(TARGET_NAME)";
				SWIFT_VERSION = 5.0;
				TARGETED_DEVICE_FAMILY = "1,2";
				TEST_HOST = "$(BUILT_PRODUCTS_DIR)/cred-ai.app/cred-ai";
			};
			name = Release;
		};
		1CF7746C279D4FCD009B1A80 /* Debug */ = {
			isa = XCBuildConfiguration;
			buildSettings = {
				ALWAYS_EMBED_SWIFT_STANDARD_LIBRARIES = YES;
				CODE_SIGN_STYLE = Automatic;
				DEVELOPMENT_TEAM = 9BXQV4D87Y;
				INFOPLIST_FILE = "cred-aiUITests/Info.plist";
				LD_RUNPATH_SEARCH_PATHS = (
					"$(inherited)",
					"@executable_path/Frameworks",
					"@loader_path/Frameworks",
				);
				PRODUCT_BUNDLE_IDENTIFIER = "com.leyobabu.cred-aiUITests";
				PRODUCT_NAME = "$(TARGET_NAME)";
				SWIFT_VERSION = 5.0;
				TARGETED_DEVICE_FAMILY = "1,2";
				TEST_TARGET_NAME = "cred-ai";
			};
			name = Debug;
		};
		1CF7746D279D4FCD009B1A80 /* Release */ = {
			isa = XCBuildConfiguration;
			buildSettings = {
				ALWAYS_EMBED_SWIFT_STANDARD_LIBRARIES = YES;
				CODE_SIGN_STYLE = Automatic;
				DEVELOPMENT_TEAM = 9BXQV4D87Y;
				INFOPLIST_FILE = "cred-aiUITests/Info.plist";
				LD_RUNPATH_SEARCH_PATHS = (
					"$(inherited)",
					"@executable_path/Frameworks",
					"@loader_path/Frameworks",
				);
				PRODUCT_BUNDLE_IDENTIFIER = "com.leyobabu.cred-aiUITests";
				PRODUCT_NAME = "$(TARGET_NAME)";
				SWIFT_VERSION = 5.0;
				TARGETED_DEVICE_FAMILY = "1,2";
				TEST_TARGET_NAME = "cred-ai";
			};
			name = Release;
		};
/* End XCBuildConfiguration section */

/* Begin XCConfigurationList section */
		1CF77436279D4FC9009B1A80 /* Build configuration list for PBXProject "cred-ai" */ = {
			isa = XCConfigurationList;
			buildConfigurations = (
				1CF77463279D4FCD009B1A80 /* Debug */,
				1CF77464279D4FCD009B1A80 /* Release */,
			);
			defaultConfigurationIsVisible = 0;
			defaultConfigurationName = Release;
		};
		1CF77465279D4FCD009B1A80 /* Build configuration list for PBXNativeTarget "cred-ai" */ = {
			isa = XCConfigurationList;
			buildConfigurations = (
				1CF77466279D4FCD009B1A80 /* Debug */,
				1CF77467279D4FCD009B1A80 /* Release */,
			);
			defaultConfigurationIsVisible = 0;
			defaultConfigurationName = Release;
		};
		1CF77468279D4FCD009B1A80 /* Build configuration list for PBXNativeTarget "cred-aiTests" */ = {
			isa = XCConfigurationList;
			buildConfigurations = (
				1CF77469279D4FCD009B1A80 /* Debug */,
				1CF7746A279D4FCD009B1A80 /* Release */,
			);
			defaultConfigurationIsVisible = 0;
			defaultConfigurationName = Release;
		};
		1CF7746B279D4FCD009B1A80 /* Build configuration list for PBXNativeTarget "cred-aiUITests" */ = {
			isa = XCConfigurationList;
			buildConfigurations = (
				1CF7746C279D4FCD009B1A80 /* Debug */,
				1CF7746D279D4FCD009B1A80 /* Release */,
			);
			defaultConfigurationIsVisible = 0;
			defaultConfigurationName = Release;
		};
/* End XCConfigurationList section */
	};
	rootObject = 1CF77433279D4FC9009B1A80 /* Project object */;
}
